
Microsoft Visual Studio Solution File, Format Version 12.00
# Visual Studio 2012
Project("{FAE04EC0-301F-11D3-BF4B-00C04F79EFBC}") = "Online_Salon_Management", "Online_Salon_Management\Online_Salon_Management.csproj", "{A50F5CDE-6317-485B-9AEE-E9CC933A09FD}"
EndProject
Global
	GlobalSection(SolutionConfigurationPlatforms) = preSolution
		Debug|Any CPU = Debug|Any CPU
		Release|Any CPU = Release|Any CPU
	EndGlobalSection
	GlobalSection(ProjectConfigurationPlatforms) = postSolution
		{A50F5CDE-6317-485B-9AEE-E9CC933A09FD}.Debug|Any CPU.ActiveCfg = Debug|Any CPU
		{A50F5CDE-6317-485B-9AEE-E9CC933A09FD}.Debug|Any CPU.Build.0 = Debug|Any CPU
		{A50F5CDE-6317-485B-9AEE-E9CC933A09FD}.Release|Any CPU.ActiveCfg = Release|Any CPU
		{A50F5CDE-6317-485B-9AEE-E9CC933A09FD}.Release|Any CPU.Build.0 = Release|Any CPU
	EndGlobalSection
	GlobalSection(SolutionProperties) = preSolution
		HideSolutionNode = FALSE
	EndGlobalSection
EndGlobal
